// !$*UTF8*$!
{
	archiveVersion = 1;
	classes = {
	};
	objectVersion = 46;
	objects = {

/* Begin PBXBuildFile section */
		43BB0BEA2834E47F00AF87F0 /* JapaneseTextAnalyzer.mm in Sources */ = {isa = PBXBuildFile; fileRef = 43BB0BE82834E47F00AF87F0 /* JapaneseTextAnalyzer.mm */; };
		43E31FC32835FBD400BDB6CA /* lbfgs.cpp in Sources */ = {isa = PBXBuildFile; fileRef = 43E31F8B2835FBD300BDB6CA /* lbfgs.cpp */; };
		43E31FC42835FBD400BDB6CA /* mecab-dict-gen.cpp in Sources */ = {isa = PBXBuildFile; fileRef = 43E31F8C2835FBD300BDB6CA /* mecab-dict-gen.cpp */; };
		43E31FC52835FBD400BDB6CA /* learner.cpp in Sources */ = {isa = PBXBuildFile; fileRef = 43E31F8E2835FBD300BDB6CA /* learner.cpp */; };
		43E31FC62835FBD400BDB6CA /* dictionary_generator.cpp in Sources */ = {isa = PBXBuildFile; fileRef = 43E31F922835FBD300BDB6CA /* dictionary_generator.cpp */; };
		43E31FC72835FBD400BDB6CA /* utils.cpp in Sources */ = {isa = PBXBuildFile; fileRef = 43E31F942835FBD300BDB6CA /* utils.cpp */; };
		43E31FC82835FBD400BDB6CA /* tagger.cpp in Sources */ = {isa = PBXBuildFile; fileRef = 43E31F962835FBD300BDB6CA /* tagger.cpp */; };
		43E31FC92835FBD400BDB6CA /* nbest_generator.cpp in Sources */ = {isa = PBXBuildFile; fileRef = 43E31F9A2835FBD300BDB6CA /* nbest_generator.cpp */; };
		43E31FCA2835FBD400BDB6CA /* mecab-cost-train.cpp in Sources */ = {isa = PBXBuildFile; fileRef = 43E31F9F2835FBD300BDB6CA /* mecab-cost-train.cpp */; };
		43E31FCB2835FBD400BDB6CA /* feature_index.cpp in Sources */ = {isa = PBXBuildFile; fileRef = 43E31FA02835FBD300BDB6CA /* feature_index.cpp */; };
		43E31FCC2835FBD400BDB6CA /* char_property.cpp in Sources */ = {isa = PBXBuildFile; fileRef = 43E31FA22835FBD300BDB6CA /* char_property.cpp */; };
		43E31FCD2835FBD400BDB6CA /* mecab-test-gen.cpp in Sources */ = {isa = PBXBuildFile; fileRef = 43E31FA32835FBD300BDB6CA /* mecab-test-gen.cpp */; };
		43E31FCE2835FBD400BDB6CA /* tokenizer.cpp in Sources */ = {isa = PBXBuildFile; fileRef = 43E31FA52835FBD300BDB6CA /* tokenizer.cpp */; };
		43E31FCF2835FBD400BDB6CA /* dictionary_compiler.cpp in Sources */ = {isa = PBXBuildFile; fileRef = 43E31FA72835FBD300BDB6CA /* dictionary_compiler.cpp */; };
		43E31FD02835FBD400BDB6CA /* dictionary_rewriter.cpp in Sources */ = {isa = PBXBuildFile; fileRef = 43E31FAA2835FBD300BDB6CA /* dictionary_rewriter.cpp */; };
		43E31FD12835FBD400BDB6CA /* string_buffer.cpp in Sources */ = {isa = PBXBuildFile; fileRef = 43E31FAD2835FBD300BDB6CA /* string_buffer.cpp */; };
		43E31FD22835FBD400BDB6CA /* learner_tagger.cpp in Sources */ = {isa = PBXBuildFile; fileRef = 43E31FB02835FBD300BDB6CA /* learner_tagger.cpp */; };
		43E31FD32835FBD400BDB6CA /* param.cpp in Sources */ = {isa = PBXBuildFile; fileRef = 43E31FB12835FBD300BDB6CA /* param.cpp */; };
		43E31FD42835FBD400BDB6CA /* viterbi.cpp in Sources */ = {isa = PBXBuildFile; fileRef = 43E31FB22835FBD300BDB6CA /* viterbi.cpp */; };
		43E31FD52835FBD400BDB6CA /* connector.cpp in Sources */ = {isa = PBXBuildFile; fileRef = 43E31FB32835FBD400BDB6CA /* connector.cpp */; };
		43E31FD62835FBD400BDB6CA /* libmecab.cpp in Sources */ = {isa = PBXBuildFile; fileRef = 43E31FB42835FBD400BDB6CA /* libmecab.cpp */; };
		43E31FD72835FBD400BDB6CA /* mecab-system-eval.cpp in Sources */ = {isa = PBXBuildFile; fileRef = 43E31FB52835FBD400BDB6CA /* mecab-system-eval.cpp */; };
		43E31FD82835FBD400BDB6CA /* mecab-dict-index.cpp in Sources */ = {isa = PBXBuildFile; fileRef = 43E31FB82835FBD400BDB6CA /* mecab-dict-index.cpp */; };
		43E31FD92835FBD400BDB6CA /* iconv_utils.cpp in Sources */ = {isa = PBXBuildFile; fileRef = 43E31FBA2835FBD400BDB6CA /* iconv_utils.cpp */; };
		43E31FDA2835FBD400BDB6CA /* mecab.cpp in Sources */ = {isa = PBXBuildFile; fileRef = 43E31FBD2835FBD400BDB6CA /* mecab.cpp */; };
		43E31FDB2835FBD400BDB6CA /* eval.cpp in Sources */ = {isa = PBXBuildFile; fileRef = 43E31FBF2835FBD400BDB6CA /* eval.cpp */; };
		43E31FDC2835FBD400BDB6CA /* dictionary.cpp in Sources */ = {isa = PBXBuildFile; fileRef = 43E31FC02835FBD400BDB6CA /* dictionary.cpp */; };
		43E31FDD2835FBD400BDB6CA /* writer.cpp in Sources */ = {isa = PBXBuildFile; fileRef = 43E31FC12835FBD400BDB6CA /* writer.cpp */; };
		43E31FDE2835FBD400BDB6CA /* context_id.cpp in Sources */ = {isa = PBXBuildFile; fileRef = 43E31FC22835FBD400BDB6CA /* context_id.cpp */; };
/* End PBXBuildFile section */

/* Begin PBXCopyFilesBuildPhase section */
		58B511D91A9E6C8500147676 /* CopyFiles */ = {
			isa = PBXCopyFilesBuildPhase;
			buildActionMask = 2147483647;
			dstPath = "include/$(PRODUCT_NAME)";
			dstSubfolderSpec = 16;
			files = (
			);
			runOnlyForDeploymentPostprocessing = 0;
		};
/* End PBXCopyFilesBuildPhase section */

/* Begin PBXFileReference section */
		134814201AA4EA6300B7C361 /* libJapaneseTextAnalyzer.a */ = {isa = PBXFileReference; explicitFileType = wrapper.framework; includeInIndex = 0; name = libJapaneseTextAnalyzer.a; path = JapaneseTextAnalyzer.dylib; sourceTree = BUILT_PRODUCTS_DIR; };
		43BB0BE82834E47F00AF87F0 /* JapaneseTextAnalyzer.mm */ = {isa = PBXFileReference; fileEncoding = 4; lastKnownFileType = sourcecode.cpp.objcpp; path = JapaneseTextAnalyzer.mm; sourceTree = "<group>"; };
		43BB0BE92834E47F00AF87F0 /* JapaneseTextAnalyzer.h */ = {isa = PBXFileReference; explicitFileType = sourcecode.cpp.h; fileEncoding = 4; path = JapaneseTextAnalyzer.h; sourceTree = "<group>"; };
		43E31F7F2835FBD300BDB6CA /* rewrite.def */ = {isa = PBXFileReference; fileEncoding = 4; lastKnownFileType = text; path = rewrite.def; sourceTree = "<group>"; };
		43E31F802835FBD300BDB6CA /* left-id.def */ = {isa = PBXFileReference; fileEncoding = 4; lastKnownFileType = text; path = "left-id.def"; sourceTree = "<group>"; };
		43E31F812835FBD300BDB6CA /* pos-id.def */ = {isa = PBXFileReference; fileEncoding = 4; lastKnownFileType = text; path = "pos-id.def"; sourceTree = "<group>"; };
		43E31F822835FBD300BDB6CA /* matrix.bin */ = {isa = PBXFileReference; lastKnownFileType = archive.macbinary; path = matrix.bin; sourceTree = "<group>"; };
		43E31F832835FBD300BDB6CA /* unk.dic */ = {isa = PBXFileReference; lastKnownFileType = file; path = unk.dic; sourceTree = "<group>"; };
		43E31F842835FBD300BDB6CA /* sys.dic */ = {isa = PBXFileReference; lastKnownFileType = file; path = sys.dic; sourceTree = "<group>"; };
		43E31F852835FBD300BDB6CA /* dicrc */ = {isa = PBXFileReference; fileEncoding = 4; lastKnownFileType = text; path = dicrc; sourceTree = "<group>"; };
		43E31F862835FBD300BDB6CA /* right-id.def */ = {isa = PBXFileReference; fileEncoding = 4; lastKnownFileType = text; path = "right-id.def"; sourceTree = "<group>"; };
		43E31F872835FBD300BDB6CA /* char.bin */ = {isa = PBXFileReference; lastKnownFileType = archive.macbinary; path = char.bin; sourceTree = "<group>"; };
		43E31F892835FBD300BDB6CA /* scoped_ptr.h */ = {isa = PBXFileReference; fileEncoding = 4; lastKnownFileType = sourcecode.c.h; path = scoped_ptr.h; sourceTree = "<group>"; };
		43E31F8A2835FBD300BDB6CA /* ucstable.h */ = {isa = PBXFileReference; fileEncoding = 4; lastKnownFileType = sourcecode.c.h; path = ucstable.h; sourceTree = "<group>"; };
		43E31F8B2835FBD300BDB6CA /* lbfgs.cpp */ = {isa = PBXFileReference; fileEncoding = 4; lastKnownFileType = sourcecode.cpp.cpp; path = lbfgs.cpp; sourceTree = "<group>"; };
		43E31F8C2835FBD300BDB6CA /* mecab-dict-gen.cpp */ = {isa = PBXFileReference; fileEncoding = 4; lastKnownFileType = sourcecode.cpp.cpp; path = "mecab-dict-gen.cpp"; sourceTree = "<group>"; };
		43E31F8D2835FBD300BDB6CA /* learner_tagger.h */ = {isa = PBXFileReference; fileEncoding = 4; lastKnownFileType = sourcecode.c.h; path = learner_tagger.h; sourceTree = "<group>"; };
		43E31F8E2835FBD300BDB6CA /* learner.cpp */ = {isa = PBXFileReference; fileEncoding = 4; lastKnownFileType = sourcecode.cpp.cpp; path = learner.cpp; sourceTree = "<group>"; };
		43E31F8F2835FBD300BDB6CA /* mecabrc */ = {isa = PBXFileReference; fileEncoding = 4; lastKnownFileType = text; path = mecabrc; sourceTree = "<group>"; };
		43E31F902835FBD300BDB6CA /* freelist.h */ = {isa = PBXFileReference; fileEncoding = 4; lastKnownFileType = sourcecode.c.h; path = freelist.h; sourceTree = "<group>"; };
		43E31F912835FBD300BDB6CA /* utils.h */ = {isa = PBXFileReference; fileEncoding = 4; lastKnownFileType = sourcecode.c.h; path = utils.h; sourceTree = "<group>"; };
		43E31F922835FBD300BDB6CA /* dictionary_generator.cpp */ = {isa = PBXFileReference; fileEncoding = 4; lastKnownFileType = sourcecode.cpp.cpp; path = dictionary_generator.cpp; sourceTree = "<group>"; };
		43E31F932835FBD300BDB6CA /* winmain.h */ = {isa = PBXFileReference; fileEncoding = 4; lastKnownFileType = sourcecode.c.h; path = winmain.h; sourceTree = "<group>"; };
		43E31F942835FBD300BDB6CA /* utils.cpp */ = {isa = PBXFileReference; fileEncoding = 4; lastKnownFileType = sourcecode.cpp.cpp; path = utils.cpp; sourceTree = "<group>"; };
		43E31F952835FBD300BDB6CA /* char_property.h */ = {isa = PBXFileReference; fileEncoding = 4; lastKnownFileType = sourcecode.c.h; path = char_property.h; sourceTree = "<group>"; };
		43E31F962835FBD300BDB6CA /* tagger.cpp */ = {isa = PBXFileReference; fileEncoding = 4; lastKnownFileType = sourcecode.cpp.cpp; path = tagger.cpp; sourceTree = "<group>"; };
		43E31F972835FBD300BDB6CA /* nbest_generator.h */ = {isa = PBXFileReference; fileEncoding = 4; lastKnownFileType = sourcecode.c.h; path = nbest_generator.h; sourceTree = "<group>"; };
		43E31F982835FBD300BDB6CA /* darts.h */ = {isa = PBXFileReference; fileEncoding = 4; lastKnownFileType = sourcecode.c.h; path = darts.h; sourceTree = "<group>"; };
		43E31F992835FBD300BDB6CA /* context_id.h */ = {isa = PBXFileReference; fileEncoding = 4; lastKnownFileType = sourcecode.c.h; path = context_id.h; sourceTree = "<group>"; };
		43E31F9A2835FBD300BDB6CA /* nbest_generator.cpp */ = {isa = PBXFileReference; fileEncoding = 4; lastKnownFileType = sourcecode.cpp.cpp; path = nbest_generator.cpp; sourceTree = "<group>"; };
		43E31F9B2835FBD300BDB6CA /* feature_index.h */ = {isa = PBXFileReference; fileEncoding = 4; lastKnownFileType = sourcecode.c.h; path = feature_index.h; sourceTree = "<group>"; };
		43E31F9C2835FBD300BDB6CA /* config.h */ = {isa = PBXFileReference; fileEncoding = 4; lastKnownFileType = sourcecode.c.h; path = config.h; sourceTree = "<group>"; };
		43E31F9D2835FBD300BDB6CA /* learner_node.h */ = {isa = PBXFileReference; fileEncoding = 4; lastKnownFileType = sourcecode.c.h; path = learner_node.h; sourceTree = "<group>"; };
		43E31F9E2835FBD300BDB6CA /* dictionary_rewriter.h */ = {isa = PBXFileReference; fileEncoding = 4; lastKnownFileType = sourcecode.c.h; path = dictionary_rewriter.h; sourceTree = "<group>"; };
		43E31F9F2835FBD300BDB6CA /* mecab-cost-train.cpp */ = {isa = PBXFileReference; fileEncoding = 4; lastKnownFileType = sourcecode.cpp.cpp; path = "mecab-cost-train.cpp"; sourceTree = "<group>"; };
		43E31FA02835FBD300BDB6CA /* feature_index.cpp */ = {isa = PBXFileReference; fileEncoding = 4; lastKnownFileType = sourcecode.cpp.cpp; path = feature_index.cpp; sourceTree = "<group>"; };
		43E31FA12835FBD300BDB6CA /* ucs.h */ = {isa = PBXFileReference; fileEncoding = 4; lastKnownFileType = sourcecode.c.h; path = ucs.h; sourceTree = "<group>"; };
		43E31FA22835FBD300BDB6CA /* char_property.cpp */ = {isa = PBXFileReference; fileEncoding = 4; lastKnownFileType = sourcecode.cpp.cpp; path = char_property.cpp; sourceTree = "<group>"; };
		43E31FA32835FBD300BDB6CA /* mecab-test-gen.cpp */ = {isa = PBXFileReference; fileEncoding = 4; lastKnownFileType = sourcecode.cpp.cpp; path = "mecab-test-gen.cpp"; sourceTree = "<group>"; };
		43E31FA42835FBD300BDB6CA /* tokenizer.h */ = {isa = PBXFileReference; fileEncoding = 4; lastKnownFileType = sourcecode.c.h; path = tokenizer.h; sourceTree = "<group>"; };
		43E31FA52835FBD300BDB6CA /* tokenizer.cpp */ = {isa = PBXFileReference; fileEncoding = 4; lastKnownFileType = sourcecode.cpp.cpp; path = tokenizer.cpp; sourceTree = "<group>"; };
		43E31FA62835FBD300BDB6CA /* lbfgs.h */ = {isa = PBXFileReference; fileEncoding = 4; lastKnownFileType = sourcecode.c.h; path = lbfgs.h; sourceTree = "<group>"; };
		43E31FA72835FBD300BDB6CA /* dictionary_compiler.cpp */ = {isa = PBXFileReference; fileEncoding = 4; lastKnownFileType = sourcecode.cpp.cpp; path = dictionary_compiler.cpp; sourceTree = "<group>"; };
		43E31FA82835FBD300BDB6CA /* thread.h */ = {isa = PBXFileReference; fileEncoding = 4; lastKnownFileType = sourcecode.c.h; path = thread.h; sourceTree = "<group>"; };
		43E31FA92835FBD300BDB6CA /* stream_wrapper.h */ = {isa = PBXFileReference; fileEncoding = 4; lastKnownFileType = sourcecode.c.h; path = stream_wrapper.h; sourceTree = "<group>"; };
		43E31FAA2835FBD300BDB6CA /* dictionary_rewriter.cpp */ = {isa = PBXFileReference; fileEncoding = 4; lastKnownFileType = sourcecode.cpp.cpp; path = dictionary_rewriter.cpp; sourceTree = "<group>"; };
		43E31FAB2835FBD300BDB6CA /* param.h */ = {isa = PBXFileReference; fileEncoding = 4; lastKnownFileType = sourcecode.c.h; path = param.h; sourceTree = "<group>"; };
		43E31FAC2835FBD300BDB6CA /* common.h */ = {isa = PBXFileReference; fileEncoding = 4; lastKnownFileType = sourcecode.c.h; path = common.h; sourceTree = "<group>"; };
		43E31FAD2835FBD300BDB6CA /* string_buffer.cpp */ = {isa = PBXFileReference; fileEncoding = 4; lastKnownFileType = sourcecode.cpp.cpp; path = string_buffer.cpp; sourceTree = "<group>"; };
		43E31FAE2835FBD300BDB6CA /* dictionary.h */ = {isa = PBXFileReference; fileEncoding = 4; lastKnownFileType = sourcecode.c.h; path = dictionary.h; sourceTree = "<group>"; };
		43E31FAF2835FBD300BDB6CA /* string_buffer.h */ = {isa = PBXFileReference; fileEncoding = 4; lastKnownFileType = sourcecode.c.h; path = string_buffer.h; sourceTree = "<group>"; };
		43E31FB02835FBD300BDB6CA /* learner_tagger.cpp */ = {isa = PBXFileReference; fileEncoding = 4; lastKnownFileType = sourcecode.cpp.cpp; path = learner_tagger.cpp; sourceTree = "<group>"; };
		43E31FB12835FBD300BDB6CA /* param.cpp */ = {isa = PBXFileReference; fileEncoding = 4; lastKnownFileType = sourcecode.cpp.cpp; path = param.cpp; sourceTree = "<group>"; };
		43E31FB22835FBD300BDB6CA /* viterbi.cpp */ = {isa = PBXFileReference; fileEncoding = 4; lastKnownFileType = sourcecode.cpp.cpp; path = viterbi.cpp; sourceTree = "<group>"; };
		43E31FB32835FBD400BDB6CA /* connector.cpp */ = {isa = PBXFileReference; fileEncoding = 4; lastKnownFileType = sourcecode.cpp.cpp; path = connector.cpp; sourceTree = "<group>"; };
		43E31FB42835FBD400BDB6CA /* libmecab.cpp */ = {isa = PBXFileReference; fileEncoding = 4; lastKnownFileType = sourcecode.cpp.cpp; path = libmecab.cpp; sourceTree = "<group>"; };
		43E31FB52835FBD400BDB6CA /* mecab-system-eval.cpp */ = {isa = PBXFileReference; fileEncoding = 4; lastKnownFileType = sourcecode.cpp.cpp; path = "mecab-system-eval.cpp"; sourceTree = "<group>"; };
		43E31FB62835FBD400BDB6CA /* connector.h */ = {isa = PBXFileReference; fileEncoding = 4; lastKnownFileType = sourcecode.c.h; path = connector.h; sourceTree = "<group>"; };
		43E31FB72835FBD400BDB6CA /* writer.h */ = {isa = PBXFileReference; fileEncoding = 4; lastKnownFileType = sourcecode.c.h; path = writer.h; sourceTree = "<group>"; };
		43E31FB82835FBD400BDB6CA /* mecab-dict-index.cpp */ = {isa = PBXFileReference; fileEncoding = 4; lastKnownFileType = sourcecode.cpp.cpp; path = "mecab-dict-index.cpp"; sourceTree = "<group>"; };
		43E31FB92835FBD400BDB6CA /* iconv_utils.h */ = {isa = PBXFileReference; fileEncoding = 4; lastKnownFileType = sourcecode.c.h; path = iconv_utils.h; sourceTree = "<group>"; };
		43E31FBA2835FBD400BDB6CA /* iconv_utils.cpp */ = {isa = PBXFileReference; fileEncoding = 4; lastKnownFileType = sourcecode.cpp.cpp; path = iconv_utils.cpp; sourceTree = "<group>"; };
		43E31FBB2835FBD400BDB6CA /* mecab.h */ = {isa = PBXFileReference; fileEncoding = 4; lastKnownFileType = sourcecode.c.h; path = mecab.h; sourceTree = "<group>"; };
		43E31FBC2835FBD400BDB6CA /* mmap.h */ = {isa = PBXFileReference; fileEncoding = 4; lastKnownFileType = sourcecode.c.h; path = mmap.h; sourceTree = "<group>"; };
		43E31FBD2835FBD400BDB6CA /* mecab.cpp */ = {isa = PBXFileReference; fileEncoding = 4; lastKnownFileType = sourcecode.cpp.cpp; path = mecab.cpp; sourceTree = "<group>"; };
		43E31FBE2835FBD400BDB6CA /* viterbi.h */ = {isa = PBXFileReference; fileEncoding = 4; lastKnownFileType = sourcecode.c.h; path = viterbi.h; sourceTree = "<group>"; };
		43E31FBF2835FBD400BDB6CA /* eval.cpp */ = {isa = PBXFileReference; fileEncoding = 4; lastKnownFileType = sourcecode.cpp.cpp; path = eval.cpp; sourceTree = "<group>"; };
		43E31FC02835FBD400BDB6CA /* dictionary.cpp */ = {isa = PBXFileReference; fileEncoding = 4; lastKnownFileType = sourcecode.cpp.cpp; path = dictionary.cpp; sourceTree = "<group>"; };
		43E31FC12835FBD400BDB6CA /* writer.cpp */ = {isa = PBXFileReference; fileEncoding = 4; lastKnownFileType = sourcecode.cpp.cpp; path = writer.cpp; sourceTree = "<group>"; };
		43E31FC22835FBD400BDB6CA /* context_id.cpp */ = {isa = PBXFileReference; fileEncoding = 4; lastKnownFileType = sourcecode.cpp.cpp; path = context_id.cpp; sourceTree = "<group>"; };
/* End PBXFileReference section */

/* Begin PBXFrameworksBuildPhase section */
		58B511D81A9E6C8500147676 /* Frameworks */ = {
			isa = PBXFrameworksBuildPhase;
			buildActionMask = 2147483647;
			files = (
			);
			runOnlyForDeploymentPostprocessing = 0;
		};
/* End PBXFrameworksBuildPhase section */

/* Begin PBXGroup section */
		134814211AA4EA7D00B7C361 /* Products */ = {
			isa = PBXGroup;
			children = (
				134814201AA4EA6300B7C361 /* libJapaneseTextAnalyzer.a */,
			);
			name = Products;
			sourceTree = "<group>";
		};
		43E31F7E2835FBD300BDB6CA /* ipadic */ = {
			isa = PBXGroup;
			children = (
				43E31F7F2835FBD300BDB6CA /* rewrite.def */,
				43E31F802835FBD300BDB6CA /* left-id.def */,
				43E31F812835FBD300BDB6CA /* pos-id.def */,
				43E31F822835FBD300BDB6CA /* matrix.bin */,
				43E31F832835FBD300BDB6CA /* unk.dic */,
				43E31F842835FBD300BDB6CA /* sys.dic */,
				43E31F852835FBD300BDB6CA /* dicrc */,
				43E31F862835FBD300BDB6CA /* right-id.def */,
				43E31F872835FBD300BDB6CA /* char.bin */,
			);
			path = ipadic;
			sourceTree = "<group>";
		};
		43E31F882835FBD300BDB6CA /* mecab */ = {
			isa = PBXGroup;
			children = (
				43E31F892835FBD300BDB6CA /* scoped_ptr.h */,
				43E31F8A2835FBD300BDB6CA /* ucstable.h */,
				43E31F8B2835FBD300BDB6CA /* lbfgs.cpp */,
				43E31F8C2835FBD300BDB6CA /* mecab-dict-gen.cpp */,
				43E31F8D2835FBD300BDB6CA /* learner_tagger.h */,
				43E31F8E2835FBD300BDB6CA /* learner.cpp */,
				43E31F8F2835FBD300BDB6CA /* mecabrc */,
				43E31F902835FBD300BDB6CA /* freelist.h */,
				43E31F912835FBD300BDB6CA /* utils.h */,
				43E31F922835FBD300BDB6CA /* dictionary_generator.cpp */,
				43E31F932835FBD300BDB6CA /* winmain.h */,
				43E31F942835FBD300BDB6CA /* utils.cpp */,
				43E31F952835FBD300BDB6CA /* char_property.h */,
				43E31F962835FBD300BDB6CA /* tagger.cpp */,
				43E31F972835FBD300BDB6CA /* nbest_generator.h */,
				43E31F982835FBD300BDB6CA /* darts.h */,
				43E31F992835FBD300BDB6CA /* context_id.h */,
				43E31F9A2835FBD300BDB6CA /* nbest_generator.cpp */,
				43E31F9B2835FBD300BDB6CA /* feature_index.h */,
				43E31F9C2835FBD300BDB6CA /* config.h */,
				43E31F9D2835FBD300BDB6CA /* learner_node.h */,
				43E31F9E2835FBD300BDB6CA /* dictionary_rewriter.h */,
				43E31F9F2835FBD300BDB6CA /* mecab-cost-train.cpp */,
				43E31FA02835FBD300BDB6CA /* feature_index.cpp */,
				43E31FA12835FBD300BDB6CA /* ucs.h */,
				43E31FA22835FBD300BDB6CA /* char_property.cpp */,
				43E31FA32835FBD300BDB6CA /* mecab-test-gen.cpp */,
				43E31FA42835FBD300BDB6CA /* tokenizer.h */,
				43E31FA52835FBD300BDB6CA /* tokenizer.cpp */,
				43E31FA62835FBD300BDB6CA /* lbfgs.h */,
				43E31FA72835FBD300BDB6CA /* dictionary_compiler.cpp */,
				43E31FA82835FBD300BDB6CA /* thread.h */,
				43E31FA92835FBD300BDB6CA /* stream_wrapper.h */,
				43E31FAA2835FBD300BDB6CA /* dictionary_rewriter.cpp */,
				43E31FAB2835FBD300BDB6CA /* param.h */,
				43E31FAC2835FBD300BDB6CA /* common.h */,
				43E31FAD2835FBD300BDB6CA /* string_buffer.cpp */,
				43E31FAE2835FBD300BDB6CA /* dictionary.h */,
				43E31FAF2835FBD300BDB6CA /* string_buffer.h */,
				43E31FB02835FBD300BDB6CA /* learner_tagger.cpp */,
				43E31FB12835FBD300BDB6CA /* param.cpp */,
				43E31FB22835FBD300BDB6CA /* viterbi.cpp */,
				43E31FB32835FBD400BDB6CA /* connector.cpp */,
				43E31FB42835FBD400BDB6CA /* libmecab.cpp */,
				43E31FB52835FBD400BDB6CA /* mecab-system-eval.cpp */,
				43E31FB62835FBD400BDB6CA /* connector.h */,
				43E31FB72835FBD400BDB6CA /* writer.h */,
				43E31FB82835FBD400BDB6CA /* mecab-dict-index.cpp */,
				43E31FB92835FBD400BDB6CA /* iconv_utils.h */,
				43E31FBA2835FBD400BDB6CA /* iconv_utils.cpp */,
				43E31FBB2835FBD400BDB6CA /* mecab.h */,
				43E31FBC2835FBD400BDB6CA /* mmap.h */,
				43E31FBD2835FBD400BDB6CA /* mecab.cpp */,
				43E31FBE2835FBD400BDB6CA /* viterbi.h */,
				43E31FBF2835FBD400BDB6CA /* eval.cpp */,
				43E31FC02835FBD400BDB6CA /* dictionary.cpp */,
				43E31FC12835FBD400BDB6CA /* writer.cpp */,
				43E31FC22835FBD400BDB6CA /* context_id.cpp */,
			);
			path = mecab;
			sourceTree = "<group>";
		};
		58B511D21A9E6C8500147676 = {
			isa = PBXGroup;
			children = (
				43E31F7E2835FBD300BDB6CA /* ipadic */,
				43E31F882835FBD300BDB6CA /* mecab */,
				43BB0BE92834E47F00AF87F0 /* JapaneseTextAnalyzer.h */,
				43BB0BE82834E47F00AF87F0 /* JapaneseTextAnalyzer.mm */,
				134814211AA4EA7D00B7C361 /* Products */,
			);
			sourceTree = "<group>";
		};
/* End PBXGroup section */

/* Begin PBXNativeTarget section */
		58B511DA1A9E6C8500147676 /* JapaneseTextAnalyzer */ = {
			isa = PBXNativeTarget;
			buildConfigurationList = 58B511EF1A9E6C8500147676 /* Build configuration list for PBXNativeTarget "JapaneseTextAnalyzer" */;
			buildPhases = (
				58B511D71A9E6C8500147676 /* Sources */,
				58B511D81A9E6C8500147676 /* Frameworks */,
				58B511D91A9E6C8500147676 /* CopyFiles */,
			);
			buildRules = (
			);
			dependencies = (
			);
			name = JapaneseTextAnalyzer;
			productName = RCTDataManager;
			productReference = 134814201AA4EA6300B7C361 /* libJapaneseTextAnalyzer.a */;
			productType = "com.apple.product-type.library.dynamic";
		};
/* End PBXNativeTarget section */

/* Begin PBXProject section */
		58B511D31A9E6C8500147676 /* Project object */ = {
			isa = PBXProject;
			attributes = {
				LastUpgradeCheck = 0920;
				ORGANIZATIONNAME = Facebook;
				TargetAttributes = {
					58B511DA1A9E6C8500147676 = {
						CreatedOnToolsVersion = 6.1.1;
					};
				};
			};
			buildConfigurationList = 58B511D61A9E6C8500147676 /* Build configuration list for PBXProject "JapaneseTextAnalyzer" */;
			compatibilityVersion = "Xcode 3.2";
			developmentRegion = English;
			hasScannedForEncodings = 0;
			knownRegions = (
				English,
				en,
			);
			mainGroup = 58B511D21A9E6C8500147676;
			productRefGroup = 58B511D21A9E6C8500147676;
			projectDirPath = "";
			projectRoot = "";
			targets = (
				58B511DA1A9E6C8500147676 /* JapaneseTextAnalyzer */,
			);
		};
/* End PBXProject section */

/* Begin PBXSourcesBuildPhase section */
		58B511D71A9E6C8500147676 /* Sources */ = {
			isa = PBXSourcesBuildPhase;
			buildActionMask = 2147483647;
			files = (
				43E31FCF2835FBD400BDB6CA /* dictionary_compiler.cpp in Sources */,
				43E31FC32835FBD400BDB6CA /* lbfgs.cpp in Sources */,
				43E31FD12835FBD400BDB6CA /* string_buffer.cpp in Sources */,
				43E31FD42835FBD400BDB6CA /* viterbi.cpp in Sources */,
				43E31FC52835FBD400BDB6CA /* learner.cpp in Sources */,
				43E31FCE2835FBD400BDB6CA /* tokenizer.cpp in Sources */,
				43E31FD32835FBD400BDB6CA /* param.cpp in Sources */,
				43E31FD92835FBD400BDB6CA /* iconv_utils.cpp in Sources */,
				43E31FCC2835FBD400BDB6CA /* char_property.cpp in Sources */,
				43E31FCD2835FBD400BDB6CA /* mecab-test-gen.cpp in Sources */,
				43E31FC42835FBD400BDB6CA /* mecab-dict-gen.cpp in Sources */,
				43E31FC82835FBD400BDB6CA /* tagger.cpp in Sources */,
				43E31FDD2835FBD400BDB6CA /* writer.cpp in Sources */,
				43E31FC72835FBD400BDB6CA /* utils.cpp in Sources */,
				43E31FDE2835FBD400BDB6CA /* context_id.cpp in Sources */,
				43E31FDB2835FBD400BDB6CA /* eval.cpp in Sources */,
				43E31FCA2835FBD400BDB6CA /* mecab-cost-train.cpp in Sources */,
				43E31FC62835FBD400BDB6CA /* dictionary_generator.cpp in Sources */,
				43E31FDC2835FBD400BDB6CA /* dictionary.cpp in Sources */,
				43E31FD82835FBD400BDB6CA /* mecab-dict-index.cpp in Sources */,
				43E31FC92835FBD400BDB6CA /* nbest_generator.cpp in Sources */,
				43BB0BEA2834E47F00AF87F0 /* JapaneseTextAnalyzer.mm in Sources */,
				43E31FD02835FBD400BDB6CA /* dictionary_rewriter.cpp in Sources */,
				43E31FD52835FBD400BDB6CA /* connector.cpp in Sources */,
				43E31FCB2835FBD400BDB6CA /* feature_index.cpp in Sources */,
				43E31FDA2835FBD400BDB6CA /* mecab.cpp in Sources */,
				43E31FD22835FBD400BDB6CA /* learner_tagger.cpp in Sources */,
				43E31FD62835FBD400BDB6CA /* libmecab.cpp in Sources */,
				43E31FD72835FBD400BDB6CA /* mecab-system-eval.cpp in Sources */,
			);
			runOnlyForDeploymentPostprocessing = 0;
		};
/* End PBXSourcesBuildPhase section */

/* Begin XCBuildConfiguration section */
		58B511ED1A9E6C8500147676 /* Debug */ = {
			isa = XCBuildConfiguration;
			buildSettings = {
				ALWAYS_SEARCH_USER_PATHS = NO;
				APPLY_RULES_IN_COPY_HEADERS = YES;
				CLANG_ALLOW_NON_MODULAR_INCLUDES_IN_FRAMEWORK_MODULES = YES;
				CLANG_CXX_LANGUAGE_STANDARD = "gnu++0x";
				CLANG_CXX_LIBRARY = "libc++";
				CLANG_ENABLE_MODULES = YES;
				CLANG_ENABLE_OBJC_ARC = YES;
				CLANG_ENABLE_OBJC_WEAK = YES;
				CLANG_WARN_BLOCK_CAPTURE_AUTORELEASING = YES;
				CLANG_WARN_BOOL_CONVERSION = YES;
				CLANG_WARN_COMMA = YES;
				CLANG_WARN_CONSTANT_CONVERSION = YES;
				CLANG_WARN_DIRECT_OBJC_ISA_USAGE = YES_ERROR;
				CLANG_WARN_EMPTY_BODY = YES;
				CLANG_WARN_ENUM_CONVERSION = YES;
				CLANG_WARN_INFINITE_RECURSION = YES;
				CLANG_WARN_INT_CONVERSION = YES;
				CLANG_WARN_NON_LITERAL_NULL_CONVERSION = YES;
				CLANG_WARN_OBJC_LITERAL_CONVERSION = YES;
				CLANG_WARN_OBJC_ROOT_CLASS = YES_ERROR;
				CLANG_WARN_RANGE_LOOP_ANALYSIS = YES;
				CLANG_WARN_STRICT_PROTOTYPES = YES;
				CLANG_WARN_SUSPICIOUS_MOVE = YES;
				CLANG_WARN_UNREACHABLE_CODE = YES;
				CLANG_WARN__DUPLICATE_METHOD_MATCH = YES;
				COPY_PHASE_STRIP = NO;
				DEFINES_MODULE = YES;
				ENABLE_STRICT_OBJC_MSGSEND = YES;
				ENABLE_TESTABILITY = YES;
				EXECUTABLE_EXTENSION = dylib;
				FRAMEWORK_SEARCH_PATHS = mecab;
				GCC_C_LANGUAGE_STANDARD = gnu99;
				GCC_DYNAMIC_NO_PIC = NO;
				GCC_NO_COMMON_BLOCKS = YES;
				GCC_OPTIMIZATION_LEVEL = 0;
				GCC_PREPROCESSOR_DEFINITIONS = HAVE_CONFIG_H;
				GCC_SYMBOLS_PRIVATE_EXTERN = NO;
				GCC_WARN_64_TO_32_BIT_CONVERSION = YES;
				GCC_WARN_ABOUT_RETURN_TYPE = YES_ERROR;
				GCC_WARN_UNDECLARED_SELECTOR = YES;
				GCC_WARN_UNINITIALIZED_AUTOS = YES_AGGRESSIVE;
				GCC_WARN_UNUSED_FUNCTION = YES;
				GCC_WARN_UNUSED_VARIABLE = YES;
				HEADER_SEARCH_PATHS = mecab;
				INSTALL_PATH = "";
				IPHONEOS_DEPLOYMENT_TARGET = 8.0;
				LIBRARY_SEARCH_PATHS = mecab;
				MACH_O_TYPE = mh_execute;
				MTL_ENABLE_DEBUG_INFO = YES;
				ONLY_ACTIVE_ARCH = YES;
				OTHER_CPLUSPLUSFLAGS = (
					"$(OTHER_CFLAGS)",
					"-fcxx-modules",
					"-fmodules",
				);
				OTHER_LDFLAGS = (
					"-ObjC",
					"-lc++",
					"-liconv",
				);
				SDKROOT = iphoneos;
			};
			name = Debug;
		};
		58B511EE1A9E6C8500147676 /* Release */ = {
			isa = XCBuildConfiguration;
			buildSettings = {
				ALWAYS_SEARCH_USER_PATHS = NO;
				APPLY_RULES_IN_COPY_HEADERS = YES;
				CLANG_ALLOW_NON_MODULAR_INCLUDES_IN_FRAMEWORK_MODULES = YES;
				CLANG_CXX_LANGUAGE_STANDARD = "gnu++0x";
				CLANG_CXX_LIBRARY = "libc++";
				CLANG_ENABLE_MODULES = YES;
				CLANG_ENABLE_OBJC_ARC = YES;
				CLANG_ENABLE_OBJC_WEAK = YES;
				CLANG_WARN_BLOCK_CAPTURE_AUTORELEASING = YES;
				CLANG_WARN_BOOL_CONVERSION = YES;
				CLANG_WARN_COMMA = YES;
				CLANG_WARN_CONSTANT_CONVERSION = YES;
				CLANG_WARN_DIRECT_OBJC_ISA_USAGE = YES_ERROR;
				CLANG_WARN_EMPTY_BODY = YES;
				CLANG_WARN_ENUM_CONVERSION = YES;
				CLANG_WARN_INFINITE_RECURSION = YES;
				CLANG_WARN_INT_CONVERSION = YES;
				CLANG_WARN_NON_LITERAL_NULL_CONVERSION = YES;
				CLANG_WARN_OBJC_LITERAL_CONVERSION = YES;
				CLANG_WARN_OBJC_ROOT_CLASS = YES_ERROR;
				CLANG_WARN_RANGE_LOOP_ANALYSIS = YES;
				CLANG_WARN_STRICT_PROTOTYPES = YES;
				CLANG_WARN_SUSPICIOUS_MOVE = YES;
				CLANG_WARN_UNREACHABLE_CODE = YES;
				CLANG_WARN__DUPLICATE_METHOD_MATCH = YES;
				COPY_PHASE_STRIP = YES;
				DEFINES_MODULE = YES;
				ENABLE_NS_ASSERTIONS = NO;
				ENABLE_STRICT_OBJC_MSGSEND = YES;
				EXECUTABLE_EXTENSION = dylib;
				FRAMEWORK_SEARCH_PATHS = mecab;
				GCC_C_LANGUAGE_STANDARD = gnu99;
				GCC_NO_COMMON_BLOCKS = YES;
				GCC_PREPROCESSOR_DEFINITIONS = HAVE_CONFIG_H;
				GCC_WARN_64_TO_32_BIT_CONVERSION = YES;
				GCC_WARN_ABOUT_RETURN_TYPE = YES_ERROR;
				GCC_WARN_UNDECLARED_SELECTOR = YES;
				GCC_WARN_UNINITIALIZED_AUTOS = YES_AGGRESSIVE;
				GCC_WARN_UNUSED_FUNCTION = YES;
				GCC_WARN_UNUSED_VARIABLE = YES;
				HEADER_SEARCH_PATHS = mecab;
				INSTALL_PATH = "";
				IPHONEOS_DEPLOYMENT_TARGET = 8.0;
				LIBRARY_SEARCH_PATHS = mecab;
				MACH_O_TYPE = mh_execute;
				MTL_ENABLE_DEBUG_INFO = NO;
				OTHER_CPLUSPLUSFLAGS = (
					"$(OTHER_CFLAGS)",
					"-fcxx-modules",
					"-fmodules",
				);
				OTHER_LDFLAGS = (
					"-ObjC",
					"-lc++",
					"-liconv",
				);
				SDKROOT = iphoneos;
				VALIDATE_PRODUCT = YES;
			};
			name = Release;
		};
		58B511F01A9E6C8500147676 /* Debug */ = {
			isa = XCBuildConfiguration;
			buildSettings = {
				HEADER_SEARCH_PATHS = (
					"$(inherited)",
					/Applications/Xcode.app/Contents/Developer/Toolchains/XcodeDefault.xctoolchain/usr/include,
					"$(SRCROOT)/../../../React/**",
					"$(SRCROOT)/../../react-native/React/**",
				);
				LIBRARY_SEARCH_PATHS = "$(inherited)";
				OTHER_LDFLAGS = "-ObjC";
				PRODUCT_NAME = JapaneseTextAnalyzer;
				SKIP_INSTALL = YES;
			};
			name = Debug;
		};
		58B511F11A9E6C8500147676 /* Release */ = {
			isa = XCBuildConfiguration;
			buildSettings = {
				HEADER_SEARCH_PATHS = (
					"$(inherited)",
					/Applications/Xcode.app/Contents/Developer/Toolchains/XcodeDefault.xctoolchain/usr/include,
					"$(SRCROOT)/../../../React/**",
					"$(SRCROOT)/../../react-native/React/**",
				);
				LIBRARY_SEARCH_PATHS = "$(inherited)";
				OTHER_LDFLAGS = "-ObjC";
				PRODUCT_NAME = JapaneseTextAnalyzer;
				SKIP_INSTALL = YES;
			};
			name = Release;
		};
/* End XCBuildConfiguration section */

/* Begin XCConfigurationList section */
		58B511D61A9E6C8500147676 /* Build configuration list for PBXProject "JapaneseTextAnalyzer" */ = {
			isa = XCConfigurationList;
			buildConfigurations = (
				58B511ED1A9E6C8500147676 /* Debug */,
				58B511EE1A9E6C8500147676 /* Release */,
			);
			defaultConfigurationIsVisible = 0;
			defaultConfigurationName = Release;
		};
		58B511EF1A9E6C8500147676 /* Build configuration list for PBXNativeTarget "JapaneseTextAnalyzer" */ = {
			isa = XCConfigurationList;
			buildConfigurations = (
				58B511F01A9E6C8500147676 /* Debug */,
				58B511F11A9E6C8500147676 /* Release */,
			);
			defaultConfigurationIsVisible = 0;
			defaultConfigurationName = Release;
		};
/* End XCConfigurationList section */
	};
	rootObject = 58B511D31A9E6C8500147676 /* Project object */;
}
